# This file is automatically @generated by Poetry 2.1.2 and should not be changed by hand.

[[package]]
name = "anyio"
version = "4.9.0"
description = "High level compatibility layer for multiple asynchronous event loop implementations"
optional = false
python-versions = ">=3.9"
groups = ["main"]
files = [
    {file = "anyio-4.9.0-py3-none-any.whl", hash = "sha256:9f76d541cad6e36af7beb62e978876f3b41e3e04f2c1fbf0884604c0a9c4d93c"},
    {file = "anyio-4.9.0.tar.gz", hash = "sha256:673c0c244e15788651a4ff38710fea9675823028a6f08a5eda409e0c9840a028"},
]

[package.dependencies]
idna = ">=2.8"
sniffio = ">=1.1"
typing_extensions = {version = ">=4.5", markers = "python_version < \"3.13\""}

[package.extras]
doc = ["Sphinx (>=8.2,<9.0)", "packaging", "sphinx-autodoc-typehints (>=1.2.0)", "sphinx_rtd_theme"]
test = ["anyio[trio]", "blockbuster (>=1.5.23)", "coverage[toml] (>=7)", "exceptiongroup (>=1.2.0)", "hypothesis (>=4.0)", "psutil (>=5.9)", "pytest (>=7.0)", "trustme", "truststore (>=0.9.1) ; python_version >= \"3.10\"", "uvloop (>=0.21) ; platform_python_implementation == \"CPython\" and platform_system != \"Windows\" and python_version < \"3.14\""]
trio = ["trio (>=0.26.1)"]

[[package]]
name = "certifi"
version = "2025.1.31"
description = "Python package for providing Mozilla's CA Bundle."
optional = false
python-versions = ">=3.6"
groups = ["main"]
files = [
    {file = "certifi-2025.1.31-py3-none-any.whl", hash = "sha256:ca78db4565a652026a4db2bcdf68f2fb589ea80d0be70e03929ed730746b84fe"},
    {file = "certifi-2025.1.31.tar.gz", hash = "sha256:3d5da6925056f6f18f119200434a4780a94263f10d1c21d032a6f6b2baa20651"},
]

[[package]]
name = "dukpy"
version = "0.5.0"
description = "Simple JavaScript interpreter for Python"
optional = false
python-versions = "*"
groups = ["main"]
files = [
    {file = "dukpy-0.5.0-cp310-cp310-macosx_10_9_x86_64.whl", hash = "sha256:b39e6b33585a0018198eac09e5a9096de57cc3d9634b5c1346f9f9546f1f320c"},
    {file = "dukpy-0.5.0-cp310-cp310-macosx_11_0_arm64.whl", hash = "sha256:1cef2c26e8ae07d72955e3a965bc593a7392bec04a386ca3bdd7a01d6380b9e1"},
    {file = "dukpy-0.5.0-cp310-cp310-manylinux_2_17_aarch64.manylinux2014_aarch64.whl", hash = "sha256:86433be73f4a639e1c86caafe04d7bb528fb6ead2ec6d085e08f30127d89abe9"},
    {file = "dukpy-0.5.0-cp310-cp310-manylinux_2_17_x86_64.manylinux2014_x86_64.whl", hash = "sha256:489622e0e238db724705184c53ef68ba3f805f50535af6003ce01f19c78a94c1"},
    {file = "dukpy-0.5.0-cp310-cp310-manylinux_2_5_i686.manylinux1_i686.manylinux_2_17_i686.manylinux2014_i686.whl", hash = "sha256:65ac3092714103b6bafa4ccf566bf80b1df37ff9e10cecdee240f7af86218384"},
    {file = "dukpy-0.5.0-cp310-cp310-musllinux_1_2_aarch64.whl", hash = "sha256:9242006980fb122f781f093a853316a95cb99992831d50ee63ed24e1bd7b0421"},
    {file = "dukpy-0.5.0-cp310-cp310-musllinux_1_2_i686.whl", hash = "sha256:a3f8dc8b596623e504af82f73e4d3972c554d5e87c33704684a5c4bf4e443e0e"},
    {file = "dukpy-0.5.0-cp310-cp310-musllinux_1_2_x86_64.whl", hash = "sha256:dbe8386cb659c6a07b2a8b2545c7df915902eb76fdcfe1bb528995b57f0f18b0"},
    {file = "dukpy-0.5.0-cp310-cp310-win32.whl", hash = "sha256:4c3a0456c71005a898cd71cab7d5244eb2c7ef51a0918fbb9e6c3b78a1959410"},
    {file = "dukpy-0.5.0-cp310-cp310-win_amd64.whl", hash = "sha256:3c5930a87d37f7152b77b797ee82468a108c0641aea4a054037d2c4fb5578be8"},
    {file = "dukpy-0.5.0-cp311-cp311-macosx_10_9_x86_64.whl", hash = "sha256:1864da59bf695f78a39ef99e292654799c0aa65217c1e6cc1df0957594831a82"},
    {file = "dukpy-0.5.0-cp311-cp311-macosx_11_0_arm64.whl", hash = "sha256:e41356b605e2c4587eac57517866383281d4c31126daf05940c303ad1f6a6082"},
    {file = "dukpy-0.5.0-cp311-cp311-manylinux_2_17_aarch64.manylinux2014_aarch64.whl", hash = "sha256:54322332cc91b1579926942faa18be884f734b74403ae90c505c4d08f46db36d"},
    {file = "dukpy-0.5.0-cp311-cp311-manylinux_2_17_x86_64.manylinux2014_x86_64.whl", hash = "sha256:7eff01efa8e8c0de13400e259e65669d180f1265dc8289743d85edc72423970a"},
    {file = "dukpy-0.5.0-cp311-cp311-manylinux_2_5_i686.manylinux1_i686.manylinux_2_17_i686.manylinux2014_i686.whl", hash = "sha256:ef5238732a3565401d2a0c2a5b563ce6ff4ec65544627aa7711198e37e32f215"},
    {file = "dukpy-0.5.0-cp311-cp311-musllinux_1_2_aarch64.whl", hash = "sha256:db35091d7de72854a7f5f5a5c3f3084a4322693b9d04478adc4742d797ae84c2"},
    {file = "dukpy-0.5.0-cp311-cp311-musllinux_1_2_i686.whl", hash = "sha256:5d654004c01060798e86687d1b57ab1bccec8c9401090e9d1b61381baeebe425"},
    {file = "dukpy-0.5.0-cp311-cp311-musllinux_1_2_x86_64.whl", hash = "sha256:65c585afd71fd1ec005a0a00c4d2ee2ca1b418ea08a21ed97513ac492dc124d8"},
    {file = "dukpy-0.5.0-cp311-cp311-win32.whl", hash = "sha256:8e2c5a99f2f174e745e8a65cd036e46c15df7f1d33f4faf9028ec906fba04132"},
    {file = "dukpy-0.5.0-cp311-cp311-win_amd64.whl", hash = "sha256:c70fc7dda4da92781411642e1e8a691136eeff4274dc2fea3b71b03199490ed4"},
    {file = "dukpy-0.5.0-cp312-cp312-macosx_10_13_x86_64.whl", hash = "sha256:609c68aa9060fbda5f3149ba9ade413af98f313a0b9e36e2e0bc62d31114a075"},
    {file = "dukpy-0.5.0-cp312-cp312-macosx_11_0_arm64.whl", hash = "sha256:1c3911793615536ebea8201091e73666912b65e6af5335a8045cc88fa389a9b0"},
    {file = "dukpy-0.5.0-cp312-cp312-manylinux_2_17_aarch64.manylinux2014_aarch64.whl", hash = "sha256:95bd4ae69f73ecf78a83c464cf998f2d7ee49be6ed70914300a47d5adbd29b63"},
    {file = "dukpy-0.5.0-cp312-cp312-manylinux_2_17_x86_64.manylinux2014_x86_64.whl", hash = "sha256:7e64b8f14e470d4badff11727c1b7b40241f0f98bc23c78e2232a78c20343b14"},
    {file = "dukpy-0.5.0-cp312-cp312-manylinux_2_5_i686.manylinux1_i686.manylinux_2_17_i686.manylinux2014_i686.whl", hash = "sha256:3fdcb38ca2cb751f2741c054a2a0abee54b8bd1bf24ed1beab325074feb776d0"},
    {file = "dukpy-0.5.0-cp312-cp312-musllinux_1_2_aarch64.whl", hash = "sha256:11f1beb699cb82b8a8f9b901d61b6a52507f2a2a4a8d00cc4dab4b679b4ee9ca"},
    {file = "dukpy-0.5.0-cp312-cp312-musllinux_1_2_i686.whl", hash = "sha256:d8db519073dc6c044bcafe5e963a9e89224a908a821c11c253c078c9ed490580"},
    {file = "dukpy-0.5.0-cp312-cp312-musllinux_1_2_x86_64.whl", hash = "sha256:d331bf159bdd65fe839ecb60d1c0da917e53e1d93198d9ce31b3557f4371dc02"},
    {file = "dukpy-0.5.0-cp312-cp312-win32.whl", hash = "sha256:813c53b7561a075a6905541cdbeff00fb92dd2a57072623a2dcf08ea12af8c68"},
    {file = "dukpy-0.5.0-cp312-cp312-win_amd64.whl", hash = "sha256:336354b27cca64d0256932344167bd45c43a9bf0a3bc30eaae8c237c46a862fb"},
    {file = "dukpy-0.5.0-cp313-cp313-macosx_10_13_x86_64.whl", hash = "sha256:5b8b28e235af8c43670b5b4ea7f2f44d3348f5f84a7b582d4016114c3a44b04d"},
    {file = "dukpy-0.5.0-cp313-cp313-macosx_11_0_arm64.whl", hash = "sha256:434eb3b012a5ff5ecf3990154740da186477ecaa832da2d0a9063f0cb1080fa7"},
    {file = "dukpy-0.5.0-cp313-cp313-manylinux_2_17_aarch64.manylinux2014_aarch64.whl", hash = "sha256:342ee205ba86a0d7952aaa788793bd045603f5340b9469bb5b23d14247205b65"},
    {file = "dukpy-0.5.0-cp313-cp313-manylinux_2_17_x86_64.manylinux2014_x86_64.whl", hash = "sha256:3794581846f16e574551b0277539e3bef5254a1e1e0749d6023697634817032a"},
    {file = "dukpy-0.5.0-cp313-cp313-manylinux_2_5_i686.manylinux1_i686.manylinux_2_17_i686.manylinux2014_i686.whl", hash = "sha256:1f3528103ab1e3ef681fa76c2bcb99424f87d4032470bd1b4ca3534392c831e5"},
    {file = "dukpy-0.5.0-cp313-cp313-musllinux_1_2_aarch64.whl", hash = "sha256:f31eab72785a36916aaf0d5ac068d4d7f51be12aee31a67a85db98ddc9c77efa"},
    {file = "dukpy-0.5.0-cp313-cp313-musllinux_1_2_i686.whl", hash = "sha256:7c677a7dc784190dae985c032d01c33474bdd299c8c66cd6922693f6a54cc8da"},
    {file = "dukpy-0.5.0-cp313-cp313-musllinux_1_2_x86_64.whl", hash = "sha256:f17de94654f94b34d223a961585d99ae990fc3ee7812c0db57b07cfcaae3bb94"},
    {file = "dukpy-0.5.0-cp313-cp313-win32.whl", hash = "sha256:b31c89df9fa1c90205a023adc124c24ba20b33b1138138b2d7fcbbb2e48bdcab"},
    {file = "dukpy-0.5.0-cp313-cp313-win_amd64.whl", hash = "sha256:48a56ea9e41bdb15edea5a4a20f902f1726e4dae216f39a8ea1d5301f7ba2346"},
    {file = "dukpy-0.5.0-cp36-cp36m-macosx_10_9_x86_64.whl", hash = "sha256:ae9824aea4b9d9e0ada1f287f9ba4a688ab854ce3aa17e47b8bc2291aa722dba"},
    {file = "dukpy-0.5.0-cp36-cp36m-manylinux_2_17_aarch64.manylinux2014_aarch64.whl", hash = "sha256:a12ec8454cdb1881168c5047dcfe1f41a62a62a543b5c2e015f85ae25ac07720"},
    {file = "dukpy-0.5.0-cp36-cp36m-manylinux_2_17_x86_64.manylinux2014_x86_64.whl", hash = "sha256:5176c9c4ded552d8b062708f724b716613dedf935cbe9ee4c0bafeb03f599c34"},
    {file = "dukpy-0.5.0-cp36-cp36m-manylinux_2_5_i686.manylinux1_i686.manylinux_2_17_i686.manylinux2014_i686.whl", hash = "sha256:6ced1dbb9416bf5e0519026eac9624631d7b1dea30e3e2ba6b912886c7e26964"},
    {file = "dukpy-0.5.0-cp36-cp36m-musllinux_1_2_aarch64.whl", hash = "sha256:0f552236c20539ec4303206dd04f74ab757e7340e9e1b1d12e0e727eb44d1348"},
    {file = "dukpy-0.5.0-cp36-cp36m-musllinux_1_2_i686.whl", hash = "sha256:7d91f7f03670dd3d328468531885cf8b6680cdf5161bc74e27baf0df9c11ae9b"},
    {file = "dukpy-0.5.0-cp36-cp36m-musllinux_1_2_x86_64.whl", hash = "sha256:49f7e90384cb7c3bc987e80317006c16d7f9601278a546415cf1fdf992e63f2d"},
    {file = "dukpy-0.5.0-cp36-cp36m-win32.whl", hash = "sha256:ddc3cc0beda2474aaf69789aa3393a8ec745dd60706a42dd32081bdc98035ad5"},
    {file = "dukpy-0.5.0-cp36-cp36m-win_amd64.whl", hash = "sha256:5f65de19adfa065720a15d6aec42e27bc2d0083e04ce7da3216bbb1f3f54c869"},
    {file = "dukpy-0.5.0-cp37-cp37m-macosx_10_9_x86_64.whl", hash = "sha256:bf90c1bb6b7cb08287791bcbd387e87284720b95d13989b7f2e7538ecd24de37"},
    {file = "dukpy-0.5.0-cp37-cp37m-manylinux_2_17_aarch64.manylinux2014_aarch64.whl", hash = "sha256:43e63e90874c98674dd09479a9f41805140e3a205391eaf59f17b84d31f606ab"},
    {file = "dukpy-0.5.0-cp37-cp37m-manylinux_2_17_x86_64.manylinux2014_x86_64.whl", hash = "sha256:47039b2fa1693c5804dd56c20ab368170968ab628ae0c6084841862ef7b10dee"},
    {file = "dukpy-0.5.0-cp37-cp37m-manylinux_2_5_i686.manylinux1_i686.manylinux_2_17_i686.manylinux2014_i686.whl", hash = "sha256:24a78d6baabab47497d7ff0eb25f7f86c79130443446a48ffe1471b94240df55"},
    {file = "dukpy-0.5.0-cp37-cp37m-musllinux_1_2_aarch64.whl", hash = "sha256:534e6cc987ee93945f5bbcc1a0399f530f40da0177f45f46ed8a465abaebbe05"},
    {file = "dukpy-0.5.0-cp37-cp37m-musllinux_1_2_i686.whl", hash = "sha256:f63da13c7f1b080c1a92786e4e34cc9d51a3a7fe3e8b3a9912bee0c1c928f510"},
    {file = "dukpy-0.5.0-cp37-cp37m-musllinux_1_2_x86_64.whl", hash = "sha256:5489e21ba40b06ab021dbdb0b5fe21239677c34f1e6fd2e337d97fe4fdff7e11"},
    {file = "dukpy-0.5.0-cp37-cp37m-win32.whl", hash = "sha256:0e0236f0ca2491679977892acdcfa077c34eaf2ce56743c92e1cde45d4914938"},
    {file = "dukpy-0.5.0-cp37-cp37m-win_amd64.whl", hash = "sha256:d5489024e0b289128fddf8ce5f093818f498dde5d3808d5c1878edbf0b266827"},
    {file = "dukpy-0.5.0-cp38-cp38-macosx_10_9_x86_64.whl", hash = "sha256:032d913421c19c11c27baa040e1aba05de3587e9d7ae504b5f33ae61f4838eb4"},
    {file = "dukpy-0.5.0-cp38-cp38-macosx_11_0_arm64.whl", hash = "sha256:20fc83b76eef124eab3b2f704d19e56aa61fa35655efbec5596fbb2d2cead3e7"},
    {file = "dukpy-0.5.0-cp38-cp38-manylinux_2_17_aarch64.manylinux2014_aarch64.whl", hash = "sha256:05cd747e2d780f95b83dc7b4fb4b16c80450fc3a98a42a138665eb86a8d81ee9"},
    {file = "dukpy-0.5.0-cp38-cp38-manylinux_2_17_x86_64.manylinux2014_x86_64.whl", hash = "sha256:ee9cb7fe655a39ec948f6eba7f126420b5bf4d9bffccff73f9a2c134854d688f"},
    {file = "dukpy-0.5.0-cp38-cp38-manylinux_2_5_i686.manylinux1_i686.manylinux_2_17_i686.manylinux2014_i686.whl", hash = "sha256:016d105388f5486b3025de4ac6aff8100eb97170aeeea4edecf7ea08532253b7"},
    {file = "dukpy-0.5.0-cp38-cp38-musllinux_1_2_aarch64.whl", hash = "sha256:0c6d4745fc1f21ea158571e24831a5fc4b029deb1a2eb7814c22ddcd4ca38b8c"},
    {file = "dukpy-0.5.0-cp38-cp38-musllinux_1_2_i686.whl", hash = "sha256:91ccc9f4e5c78c51bbfdb7990805aa044b1b162e06cdbf1a1b3e6b11139a5777"},
    {file = "dukpy-0.5.0-cp38-cp38-musllinux_1_2_x86_64.whl", hash = "sha256:ffb5d0ee55d202c916972d245c7528214a13dac6c407d86b74cb84a088609ca2"},
    {file = "dukpy-0.5.0-cp38-cp38-win32.whl", hash = "sha256:e6cba0eaccc4dc588d5b0f5897a81f38faedfaeec6b3f0d494be1dbe38a877a7"},
    {file = "dukpy-0.5.0-cp38-cp38-win_amd64.whl", hash = "sha256:d33f1f21b96baf8a4b2c7d4f7a39c9a245dbe61543a135f4dcdc23f12d64661d"},
    {file = "dukpy-0.5.0-cp39-cp39-macosx_10_9_x86_64.whl", hash = "sha256:faa409b9ff3ae61561d6324bb886a4a250e63d2c781a27b8fd8ca419dc448822"},
    {file = "dukpy-0.5.0-cp39-cp39-macosx_11_0_arm64.whl", hash = "sha256:fb7fea246fd5dbb49f8213b952c3317fa0e76e32290808e1d911c9720422d4a7"},
    {file = "dukpy-0.5.0-cp39-cp39-manylinux_2_17_aarch64.manylinux2014_aarch64.whl", hash = "sha256:9f63f4ce1cc6b5f92340f8d52db0350e4595bc4cc478fb35d0bf2529754abb94"},
    {file = "dukpy-0.5.0-cp39-cp39-manylinux_2_17_x86_64.manylinux2014_x86_64.whl", hash = "sha256:7466293d6faf9b7a2ecfaeacfce2a897bba90b39a827ee4096dabba44dd011dd"},
    {file = "dukpy-0.5.0-cp39-cp39-manylinux_2_5_i686.manylinux1_i686.manylinux_2_17_i686.manylinux2014_i686.whl", hash = "sha256:adfbcb64e24e1d3de07133cd6848b20b4c28eec5d796f714ac693a7284b7f597"},
    {file = "dukpy-0.5.0-cp39-cp39-musllinux_1_2_aarch64.whl", hash = "sha256:a363b799e464bf4808c95e9a375b2ee3571639a924b9526d6471cd3a0c938cf5"},
    {file = "dukpy-0.5.0-cp39-cp39-musllinux_1_2_i686.whl", hash = "sha256:cf09346b0be7e86fc9ed732cc7ef58e3297f02a8daa4db918363c963356843d7"},
    {file = "dukpy-0.5.0-cp39-cp39-musllinux_1_2_x86_64.whl", hash = "sha256:4e131f44d6cd1d73ec9702b03166c60046be9f414ee3565e8af2c71134f3470f"},
    {file = "dukpy-0.5.0-cp39-cp39-win32.whl", hash = "sha256:5a41292ddbedc881a8a245caafaa77f98f0ccae165bdad26d8d078e392424d01"},
    {file = "dukpy-0.5.0-cp39-cp39-win_amd64.whl", hash = "sha256:4557a9e25c1506636233d88fa9567f63cc8e73156153b1c1461413d88ee5d5a2"},
    {file = "dukpy-0.5.0-pp310-pypy310_pp73-macosx_10_15_x86_64.whl", hash = "sha256:5f8ac865eeff43e17170b9e4677990f21d57ec8b0a4a3fbc8497c1f8e46fb276"},
    {file = "dukpy-0.5.0-pp310-pypy310_pp73-macosx_11_0_arm64.whl", hash = "sha256:96a8e51dcdcfd4dfa5b3895927c337fbdaff53f342d6079840378798d9b51b5e"},
    {file = "dukpy-0.5.0-pp310-pypy310_pp73-manylinux_2_17_aarch64.manylinux2014_aarch64.whl", hash = "sha256:b26594c9cf5b99a9949c4d92c7012bb5640fe53540f0efd0b6f73e503f535bdb"},
    {file = "dukpy-0.5.0-pp310-pypy310_pp73-manylinux_2_17_x86_64.manylinux2014_x86_64.whl", hash = "sha256:821352df62419edfadc8fe80de01737a04b19e7ce415e4c22fba639d2622b543"},
    {file = "dukpy-0.5.0-pp310-pypy310_pp73-manylinux_2_5_i686.manylinux1_i686.manylinux_2_17_i686.manylinux2014_i686.whl", hash = "sha256:07394788daa55019aaf7b34cfa5bcb4f9eaac1774360d4e2347eba46ba0b22c8"},
    {file = "dukpy-0.5.0-pp310-pypy310_pp73-win_amd64.whl", hash = "sha256:a69b0e12a6326a9de1020deacd902b822e5abd58f4b7a17007ed442e76be337b"},
    {file = "dukpy-0.5.0-pp37-pypy37_pp73-macosx_10_9_x86_64.whl", hash = "sha256:73b412e07e7da659373e5d23aa84ecbe891cf290e535dea0722ad96b539accc6"},
    {file = "dukpy-0.5.0-pp37-pypy37_pp73-manylinux_2_17_aarch64.manylinux2014_aarch64.whl", hash = "sha256:299bca5edaf376e5f63fe83dabda3b9bc4a355bfe1ea4be93f7e155c13ecb69c"},
    {file = "dukpy-0.5.0-pp37-pypy37_pp73-manylinux_2_17_x86_64.manylinux2014_x86_64.whl", hash = "sha256:19759159c8a8023ca67862d7a04aeeaafbcdab7b80023bf273baa6f9d42d3ec6"},
    {file = "dukpy-0.5.0-pp37-pypy37_pp73-manylinux_2_5_i686.manylinux1_i686.manylinux_2_17_i686.manylinux2014_i686.whl", hash = "sha256:c99e27ffa04e3e16ef355be9c00f0f1466237e032e573a99f59f32770573468f"},
    {file = "dukpy-0.5.0-pp37-pypy37_pp73-win_amd64.whl", hash = "sha256:b19518911016fa50703fc01eb8393860d2a8006117de45d7262dff18645695ca"},
    {file = "dukpy-0.5.0-pp38-pypy38_pp73-macosx_10_9_x86_64.whl", hash = "sha256:7219fc67fbce8f83f9f65a977afe848e4f2ee45392b43029b5b57662ab5f62cb"},
    {file = "dukpy-0.5.0-pp38-pypy38_pp73-macosx_11_0_arm64.whl", hash = "sha256:582adeeb2c737febef433bebe5bd20c535d5525ba6013c1230f01d3efd93320f"},
    {file = "dukpy-0.5.0-pp38-pypy38_pp73-manylinux_2_17_aarch64.manylinux2014_aarch64.whl", hash = "sha256:7c604611e417a34203b0c295ec55beff824f43ee12ca6b36e026b489b182af16"},
    {file = "dukpy-0.5.0-pp38-pypy38_pp73-manylinux_2_17_x86_64.manylinux2014_x86_64.whl", hash = "sha256:43f5c5179db2b91defabcae7565acbda0a8bd6428995ba951bb3c3b78cc57473"},
    {file = "dukpy-0.5.0-pp38-pypy38_pp73-manylinux_2_5_i686.manylinux1_i686.manylinux_2_17_i686.manylinux2014_i686.whl", hash = "sha256:dbf8f750608d94cd99261ba3d5db97e11c51a173884b80bbcdac56b8f6a7f1a2"},
    {file = "dukpy-0.5.0-pp38-pypy38_pp73-win_amd64.whl", hash = "sha256:17c130508f3b50799f45aa0304940b6418f12b2f6ea854433a36599b81b99e4a"},
    {file = "dukpy-0.5.0-pp39-pypy39_pp73-macosx_10_15_x86_64.whl", hash = "sha256:e1ca64e99dfe1478be0b57bf00edd856af9833c1cec1c9560369c6b782a749c8"},
    {file = "dukpy-0.5.0-pp39-pypy39_pp73-macosx_11_0_arm64.whl", hash = "sha256:3cabc6f2c1e027e280ecac1341d382298b1eac5c7da999daa1338b1f5dabc898"},
    {file = "dukpy-0.5.0-pp39-pypy39_pp73-manylinux_2_17_aarch64.manylinux2014_aarch64.whl", hash = "sha256:702a9979db08937b48fac4d19d0256ffdd4b5864b3dd89a874c91044bb5e427b"},
    {file = "dukpy-0.5.0-pp39-pypy39_pp73-manylinux_2_17_x86_64.manylinux2014_x86_64.whl", hash = "sha256:06d5494136bc4938698b80b05b3b045cfe89fa505871da38cd7fbd8b610fa563"},
    {file = "dukpy-0.5.0-pp39-pypy39_pp73-manylinux_2_5_i686.manylinux1_i686.manylinux_2_17_i686.manylinux2014_i686.whl", hash = "sha256:171a3dbd82eb942a88bf3b929d50036d33b7ecf9c76f3c0c069aa981f8909fcf"},
    {file = "dukpy-0.5.0-pp39-pypy39_pp73-win_amd64.whl", hash = "sha256:868884eb9a0cbaf5b75e9904a41d4df4a7214051f3da6796a6d3cc91726b23ca"},
    {file = "dukpy-0.5.0.tar.gz", hash = "sha256:079fe2d65ac5e24df56806c6b4e1a26f92bb7f13dc764f4fb230a6746744c1ad"},
]

[package.extras]
testing = ["mock", "pytest", "pytest-cov"]
webassets = ["webassets"]

[[package]]
name = "h11"
version = "0.14.0"
description = "A pure-Python, bring-your-own-I/O implementation of HTTP/1.1"
optional = false
python-versions = ">=3.7"
groups = ["main"]
files = [
    {file = "h11-0.14.0-py3-none-any.whl", hash = "sha256:e3fe4ac4b851c468cc8363d500db52c2ead036020723024a109d37346efaa761"},
    {file = "h11-0.14.0.tar.gz", hash = "sha256:8f19fbbe99e72420ff35c00b27a34cb9937e902a8b810e2c88300c6f0a3b699d"},
]

[[package]]
name = "httpcore"
version = "1.0.8"
description = "A minimal low-level HTTP client."
optional = false
python-versions = ">=3.8"
groups = ["main"]
files = [
    {file = "httpcore-1.0.8-py3-none-any.whl", hash = "sha256:5254cf149bcb5f75e9d1b2b9f729ea4a4b883d1ad7379fc632b727cec23674be"},
    {file = "httpcore-1.0.8.tar.gz", hash = "sha256:86e94505ed24ea06514883fd44d2bc02d90e77e7979c8eb71b90f41d364a1bad"},
]

[package.dependencies]
certifi = "*"
h11 = ">=0.13,<0.15"

[package.extras]
asyncio = ["anyio (>=4.0,<5.0)"]
http2 = ["h2 (>=3,<5)"]
socks = ["socksio (==1.*)"]
trio = ["trio (>=0.22.0,<1.0)"]

[[package]]
name = "httpx"
version = "0.28.1"
description = "The next generation HTTP client."
optional = false
python-versions = ">=3.8"
groups = ["main"]
files = [
    {file = "httpx-0.28.1-py3-none-any.whl", hash = "sha256:d909fcccc110f8c7faf814ca82a9a4d816bc5a6dbfea25d6591d6985b8ba59ad"},
    {file = "httpx-0.28.1.tar.gz", hash = "sha256:75e98c5f16b0f35b567856f597f06ff2270a374470a5c2392242528e3e3e42fc"},
]

[package.dependencies]
anyio = "*"
certifi = "*"
httpcore = "==1.*"
idna = "*"

[package.extras]
brotli = ["brotli ; platform_python_implementation == \"CPython\"", "brotlicffi ; platform_python_implementation != \"CPython\""]
cli = ["click (==8.*)", "pygments (==2.*)", "rich (>=10,<14)"]
http2 = ["h2 (>=3,<5)"]
socks = ["socksio (==1.*)"]
zstd = ["zstandard (>=0.18.0)"]

[[package]]
name = "idna"
version = "3.10"
description = "Internationalized Domain Names in Applications (IDNA)"
optional = false
python-versions = ">=3.6"
groups = ["main"]
files = [
    {file = "idna-3.10-py3-none-any.whl", hash = "sha256:946d195a0d259cbba61165e88e65941f16e9b36ea6ddb97f00452bae8b1287d3"},
    {file = "idna-3.10.tar.gz", hash = "sha256:12f65c9b470abda6dc35cf8e63cc574b1c52b11df2c86030af0ac09b01b13ea9"},
]

[package.extras]
all = ["flake8 (>=7.1.1)", "mypy (>=1.11.2)", "pytest (>=8.3.2)", "ruff (>=0.6.2)"]

[[package]]
name = "sniffio"
version = "1.3.1"
description = "Sniff out which async library your code is running under"
optional = false
python-versions = ">=3.7"
groups = ["main"]
files = [
    {file = "sniffio-1.3.1-py3-none-any.whl", hash = "sha256:2f6da418d1f1e0fddd844478f41680e794e6051915791a034ff65e5f100525a2"},
    {file = "sniffio-1.3.1.tar.gz", hash = "sha256:f4324edc670a0f49750a81b895f35c3adb843cca46f0530f79fc1babb23789dc"},
]

[[package]]
name = "typing-extensions"
version = "4.13.2"
description = "Backported and Experimental Type Hints for Python 3.8+"
optional = false
python-versions = ">=3.8"
groups = ["main"]
markers = "python_version < \"3.13\""
files = [
    {file = "typing_extensions-4.13.2-py3-none-any.whl", hash = "sha256:a439e7c04b49fec3e5d3e2beaa21755cadbbdc391694e28ccdd36ca4a1408f8c"},
    {file = "typing_extensions-4.13.2.tar.gz", hash = "sha256:e6c81219bd689f51865d9e372991c540bda33a0379d5573cddb9a3a23f7caaef"},
]

[metadata]
lock-version = "2.1"
python-versions = ">=3.11"
content-hash = "d410abb3f040b9fffadc33637787848b23048a7352bc53f8b9436538e381b7ff"
